
Microsoft Visual Studio Solution File, Format Version 12.00
# Visual Studio Version 16
VisualStudioVersion = 25.0.1705.0
MinimumVisualStudioVersion = 10.0.40219.1
Project("{FAE04EC0-301F-11D3-BF4B-00C04F79EFBC}") = "API", "API\API.csproj", "{8AACB591-0E98-430A-955A-B4397368F2EE}"
EndProject
Project("{FAE04EC0-301F-11D3-BF4B-00C04F79EFBC}") = "DB", "DB\DB.csproj", "{1906ADAD-CEF3-46AD-AD56-D5AF96E66416}"
EndProject
Project("{2150E333-8FDC-42A3-9474-1A3956D46DE8}") = "Solution Items", "Solution Items", "{F8DEE293-641F-4B77-A897-6B951CF3746B}"
	ProjectSection(SolutionItems) = preProject
		Dockerfile = Dockerfile
	EndProjectSection
EndProject
Global
	GlobalSection(SolutionConfigurationPlatforms) = preSolution
		Debug|Any CPU = Debug|Any CPU
		Release|Any CPU = Release|Any CPU
	EndGlobalSection
	GlobalSection(ProjectConfigurationPlatforms) = postSolution
		{8AACB591-0E98-430A-955A-B4397368F2EE}.Debug|Any CPU.ActiveCfg = Debug|Any CPU
		{8AACB591-0E98-430A-955A-B4397368F2EE}.Debug|Any CPU.Build.0 = Debug|Any CPU
		{8AACB591-0E98-430A-955A-B4397368F2EE}.Release|Any CPU.ActiveCfg = Release|Any CPU
		{8AACB591-0E98-430A-955A-B4397368F2EE}.Release|Any CPU.Build.0 = Release|Any CPU
		{1906ADAD-CEF3-46AD-AD56-D5AF96E66416}.Debug|Any CPU.ActiveCfg = Debug|Any CPU
		{1906ADAD-CEF3-46AD-AD56-D5AF96E66416}.Debug|Any CPU.Build.0 = Debug|Any CPU
		{1906ADAD-CEF3-46AD-AD56-D5AF96E66416}.Release|Any CPU.ActiveCfg = Release|Any CPU
		{1906ADAD-CEF3-46AD-AD56-D5AF96E66416}.Release|Any CPU.Build.0 = Release|Any CPU
	EndGlobalSection
	GlobalSection(SolutionProperties) = preSolution
		HideSolutionNode = FALSE
	EndGlobalSection
	GlobalSection(ExtensibilityGlobals) = postSolution
		SolutionGuid = {1C4AE07B-2EC2-434D-9BAD-F107B6409679}
	EndGlobalSection
EndGlobal
